
Microsoft Visual Studio Solution File, Format Version 12.00
# Visual Studio 15
VisualStudioVersion = 15.0.28010.2036
MinimumVisualStudioVersion = 10.0.40219.1
Project("{FAE04EC0-301F-11D3-BF4B-00C04F79EFBC}") = "DevBuild.FunWithNumbers", "DevBuild.FunWithNumbers\DevBuild.FunWithNumbers.csproj", "{0DEA51D1-4943-472B-9592-788DC3F68520}"
EndProject
Global
	GlobalSection(SolutionConfigurationPlatforms) = preSolution
		Debug|Any CPU = Debug|Any CPU
		Release|Any CPU = Release|Any CPU
	EndGlobalSection
	GlobalSection(ProjectConfigurationPlatforms) = postSolution
		{0DEA51D1-4943-472B-9592-788DC3F68520}.Debug|Any CPU.ActiveCfg = Debug|Any CPU
		{0DEA51D1-4943-472B-9592-788DC3F68520}.Debug|Any CPU.Build.0 = Debug|Any CPU
		{0DEA51D1-4943-472B-9592-788DC3F68520}.Release|Any CPU.ActiveCfg = Release|Any CPU
		{0DEA51D1-4943-472B-9592-788DC3F68520}.Release|Any CPU.Build.0 = Release|Any CPU
	EndGlobalSection
	GlobalSection(SolutionProperties) = preSolution
		HideSolutionNode = FALSE
	EndGlobalSection
	GlobalSection(ExtensibilityGlobals) = postSolution
		SolutionGuid = {574EC906-CD52-4FA1-8053-B955714F308D}
	EndGlobalSection
EndGlobal
